schema: '2.0'
stages:
  data_ingestion:
    cmd: python src/data_ingestion.py
    deps:
    - path: src/data_ingestion.py
      hash: md5
      md5: a3ef95adaa36e86d420728dedbef32e5
      size: 3259
    params:
      params.yaml:
        data_ingestion.test_size: 0.15
    outs:
    - path: src/data/raw
      hash: md5
      md5: a15ba66afdf82f8659b031b175286ed3.dir
      size: 484846
      nfiles: 2
  pre-processing:
    cmd: python -m src.pre-processing
    deps:
    - path: src/data/raw
      hash: md5
      md5: a15ba66afdf82f8659b031b175286ed3.dir
      size: 484846
      nfiles: 2
    - path: src/pre-processing.py
      hash: md5
      md5: 9b8a3b1c08b67f1e98554a040883f970
      size: 4498
    outs:
    - path: src/data/interim
      hash: md5
      md5: 60a6fff4e80508df65a68e383fa2725e.dir
      size: 259164
      nfiles: 2
  feature_engineering:
    cmd: python -m src.feature_engineering
    deps:
    - path: src/data/interim
      hash: md5
      md5: 60a6fff4e80508df65a68e383fa2725e.dir
      size: 259164
      nfiles: 2
    - path: src/feature_engineering.py
      hash: md5
      md5: f4cf77592d76b7ece8e689467ab0f9bf
      size: 3131
    params:
      params.yaml:
        feature_engineering.max_features: 45
    outs:
    - path: src/data/processed
      hash: md5
      md5: 559a406bd55d72aa3370a7e2ed550a87.dir
      size: 1062472
      nfiles: 2
  model_training:
    cmd: python -m src.model_training
    deps:
    - path: src/data/processed
      hash: md5
      md5: 559a406bd55d72aa3370a7e2ed550a87.dir
      size: 1062472
      nfiles: 2
    - path: src/model_training.py
      hash: md5
      md5: 527b3dcaa9ff1fa9cdbfdce61b15b5e5
      size: 3198
    params:
      params.yaml:
        model_training.n_estimators: 20
        model_training.random_state: 2
    outs:
    - path: src/models
      hash: md5
      md5: 3b3ce2de919a778f36dde11d375e8b84.dir
      size: 812342
      nfiles: 1
  model_evaluation:
    cmd: python -m src.model_evaluation
    deps:
    - path: src/model_evaluation.py
      hash: md5
      md5: 55379368aad432d6d3ed305ff625b97f
      size: 3341
    - path: src/models
      hash: md5
      md5: 3b3ce2de919a778f36dde11d375e8b84.dir
      size: 812342
      nfiles: 1
    outs:
    - path: src/reports/metrics.json
      hash: md5
      md5: d10dcb36532bf535d2feeaefd48faeed
      size: 130
